
Microsoft Visual Studio Solution File, Format Version 12.00
# Visual Studio 2013
Project("{FAE04EC0-301F-11D3-BF4B-00C04F79EFBC}") = "UnityVS.Pogs.CSharp", "UnityVS.Pogs.CSharp.csproj", "{BD56A83E-DE2B-5BE2-8BD3-B48FCDE729ED}"
EndProject
Global
	GlobalSection(SolutionConfigurationPlatforms) = preSolution
		Debug|Any CPU = Debug|Any CPU
		Release|Any CPU = Release|Any CPU
	EndGlobalSection
	GlobalSection(ProjectConfigurationPlatforms) = postSolution
		{BD56A83E-DE2B-5BE2-8BD3-B48FCDE729ED}.Debug|Any CPU.ActiveCfg = Debug|Any CPU
		{BD56A83E-DE2B-5BE2-8BD3-B48FCDE729ED}.Debug|Any CPU.Build.0 = Debug|Any CPU
		{BD56A83E-DE2B-5BE2-8BD3-B48FCDE729ED}.Release|Any CPU.ActiveCfg = Release|Any CPU
		{BD56A83E-DE2B-5BE2-8BD3-B48FCDE729ED}.Release|Any CPU.Build.0 = Release|Any CPU
	EndGlobalSection
	GlobalSection(SolutionProperties) = preSolution
		HideSolutionNode = FALSE
	EndGlobalSection
EndGlobal
